
Microsoft Visual Studio Solution File, Format Version 12.00
# Visual Studio Version 17
VisualStudioVersion = 17.5.33424.131
MinimumVisualStudioVersion = 10.0.40219.1
Project("{FAE04EC0-301F-11D3-BF4B-00C04F79EFBC}") = "SearchAndSort", "SearchAndSort\SearchAndSort.csproj", "{50494E80-81D8-47FB-BB53-DCEE75949ACD}"
EndProject
Global
	GlobalSection(SolutionConfigurationPlatforms) = preSolution
		Debug|Any CPU = Debug|Any CPU
		Release|Any CPU = Release|Any CPU
	EndGlobalSection
	GlobalSection(ProjectConfigurationPlatforms) = postSolution
		{50494E80-81D8-47FB-BB53-DCEE75949ACD}.Debug|Any CPU.ActiveCfg = Debug|Any CPU
		{50494E80-81D8-47FB-BB53-DCEE75949ACD}.Debug|Any CPU.Build.0 = Debug|Any CPU
		{50494E80-81D8-47FB-BB53-DCEE75949ACD}.Release|Any CPU.ActiveCfg = Release|Any CPU
		{50494E80-81D8-47FB-BB53-DCEE75949ACD}.Release|Any CPU.Build.0 = Release|Any CPU
	EndGlobalSection
	GlobalSection(SolutionProperties) = preSolution
		HideSolutionNode = FALSE
	EndGlobalSection
	GlobalSection(ExtensibilityGlobals) = postSolution
		SolutionGuid = {8EBC23F5-ADC6-4B45-B950-6137197DBEB8}
	EndGlobalSection
EndGlobal
